
Microsoft Visual Studio Solution File, Format Version 12.00
# Visual Studio Version 16
VisualStudioVersion = 16.0.33801.447
MinimumVisualStudioVersion = 10.0.40219.1
Project("{8BC9CEB8-8B4A-11D0-8D11-00A0C91BC942}") = "Games101Work1", "Games101Work1\Games101Work1.vcxproj", "{7F390BEC-F4C8-4FA3-9A0C-9128A5D4C8C0}"
EndProject
Project("{8BC9CEB8-8B4A-11D0-8D11-00A0C91BC942}") = "Games101Work2", "Games101Work2\Games101Work2.vcxproj", "{A09B78E3-50C9-45DB-BEC6-605148878F3A}"
EndProject
Project("{8BC9CEB8-8B4A-11D0-8D11-00A0C91BC942}") = "Games101Work3", "Games101Work3\Games101Work3.vcxproj", "{8643EBD4-D687-41B5-9FB3-3D6487DBCE14}"
EndProject
Project("{8BC9CEB8-8B4A-11D0-8D11-00A0C91BC942}") = "Games101Work4", "Games101Work4\Games101Work4.vcxproj", "{F3F1962A-39D1-41EB-A247-3077EBB10252}"
EndProject
Project("{8BC9CEB8-8B4A-11D0-8D11-00A0C91BC942}") = "Games101Work5", "Games101Work5\Games101Work5.vcxproj", "{2E00019D-0AC8-492B-936B-7517771857F1}"
EndProject
Project("{8BC9CEB8-8B4A-11D0-8D11-00A0C91BC942}") = "Games101Work6", "Games101Work6\Games101Work6.vcxproj", "{B87AF00A-68EA-46BE-A975-89D48D9FE1FF}"
EndProject
Global
	GlobalSection(SolutionConfigurationPlatforms) = preSolution
		Debug|x64 = Debug|x64
		Debug|x86 = Debug|x86
		Release|x64 = Release|x64
		Release|x86 = Release|x86
	EndGlobalSection
	GlobalSection(ProjectConfigurationPlatforms) = postSolution
		{7F390BEC-F4C8-4FA3-9A0C-9128A5D4C8C0}.Debug|x64.ActiveCfg = Debug|x64
		{7F390BEC-F4C8-4FA3-9A0C-9128A5D4C8C0}.Debug|x86.ActiveCfg = Debug|Win32
		{7F390BEC-F4C8-4FA3-9A0C-9128A5D4C8C0}.Debug|x86.Build.0 = Debug|Win32
		{7F390BEC-F4C8-4FA3-9A0C-9128A5D4C8C0}.Release|x64.ActiveCfg = Release|x64
		{7F390BEC-F4C8-4FA3-9A0C-9128A5D4C8C0}.Release|x64.Build.0 = Release|x64
		{7F390BEC-F4C8-4FA3-9A0C-9128A5D4C8C0}.Release|x86.ActiveCfg = Release|Win32
		{7F390BEC-F4C8-4FA3-9A0C-9128A5D4C8C0}.Release|x86.Build.0 = Release|Win32
		{A09B78E3-50C9-45DB-BEC6-605148878F3A}.Debug|x64.ActiveCfg = Debug|x64
		{A09B78E3-50C9-45DB-BEC6-605148878F3A}.Debug|x64.Build.0 = Debug|x64
		{A09B78E3-50C9-45DB-BEC6-605148878F3A}.Debug|x86.ActiveCfg = Debug|Win32
		{A09B78E3-50C9-45DB-BEC6-605148878F3A}.Debug|x86.Build.0 = Debug|Win32
		{A09B78E3-50C9-45DB-BEC6-605148878F3A}.Release|x64.ActiveCfg = Release|x64
		{A09B78E3-50C9-45DB-BEC6-605148878F3A}.Release|x64.Build.0 = Release|x64
		{A09B78E3-50C9-45DB-BEC6-605148878F3A}.Release|x86.ActiveCfg = Release|Win32
		{A09B78E3-50C9-45DB-BEC6-605148878F3A}.Release|x86.Build.0 = Release|Win32
		{8643EBD4-D687-41B5-9FB3-3D6487DBCE14}.Debug|x64.ActiveCfg = Debug|x64
		{8643EBD4-D687-41B5-9FB3-3D6487DBCE14}.Debug|x64.Build.0 = Debug|x64
		{8643EBD4-D687-41B5-9FB3-3D6487DBCE14}.Debug|x86.ActiveCfg = Debug|Win32
		{8643EBD4-D687-41B5-9FB3-3D6487DBCE14}.Debug|x86.Build.0 = Debug|Win32
		{8643EBD4-D687-41B5-9FB3-3D6487DBCE14}.Release|x64.ActiveCfg = Release|x64
		{8643EBD4-D687-41B5-9FB3-3D6487DBCE14}.Release|x64.Build.0 = Release|x64
		{8643EBD4-D687-41B5-9FB3-3D6487DBCE14}.Release|x86.ActiveCfg = Release|Win32
		{8643EBD4-D687-41B5-9FB3-3D6487DBCE14}.Release|x86.Build.0 = Release|Win32
		{F3F1962A-39D1-41EB-A247-3077EBB10252}.Debug|x64.ActiveCfg = Debug|x64
		{F3F1962A-39D1-41EB-A247-3077EBB10252}.Debug|x64.Build.0 = Debug|x64
		{F3F1962A-39D1-41EB-A247-3077EBB10252}.Debug|x86.ActiveCfg = Debug|Win32
		{F3F1962A-39D1-41EB-A247-3077EBB10252}.Debug|x86.Build.0 = Debug|Win32
		{F3F1962A-39D1-41EB-A247-3077EBB10252}.Release|x64.ActiveCfg = Release|x64
		{F3F1962A-39D1-41EB-A247-3077EBB10252}.Release|x64.Build.0 = Release|x64
		{F3F1962A-39D1-41EB-A247-3077EBB10252}.Release|x86.ActiveCfg = Release|Win32
		{F3F1962A-39D1-41EB-A247-3077EBB10252}.Release|x86.Build.0 = Release|Win32
		{2E00019D-0AC8-492B-936B-7517771857F1}.Debug|x64.ActiveCfg = Debug|x64
		{2E00019D-0AC8-492B-936B-7517771857F1}.Debug|x64.Build.0 = Debug|x64
		{2E00019D-0AC8-492B-936B-7517771857F1}.Debug|x86.ActiveCfg = Debug|Win32
		{2E00019D-0AC8-492B-936B-7517771857F1}.Debug|x86.Build.0 = Debug|Win32
		{2E00019D-0AC8-492B-936B-7517771857F1}.Release|x64.ActiveCfg = Release|x64
		{2E00019D-0AC8-492B-936B-7517771857F1}.Release|x64.Build.0 = Release|x64
		{2E00019D-0AC8-492B-936B-7517771857F1}.Release|x86.ActiveCfg = Release|Win32
		{2E00019D-0AC8-492B-936B-7517771857F1}.Release|x86.Build.0 = Release|Win32
		{B87AF00A-68EA-46BE-A975-89D48D9FE1FF}.Debug|x64.ActiveCfg = Debug|x64
		{B87AF00A-68EA-46BE-A975-89D48D9FE1FF}.Debug|x64.Build.0 = Debug|x64
		{B87AF00A-68EA-46BE-A975-89D48D9FE1FF}.Debug|x86.ActiveCfg = Debug|Win32
		{B87AF00A-68EA-46BE-A975-89D48D9FE1FF}.Debug|x86.Build.0 = Debug|Win32
		{B87AF00A-68EA-46BE-A975-89D48D9FE1FF}.Release|x64.ActiveCfg = Release|x64
		{B87AF00A-68EA-46BE-A975-89D48D9FE1FF}.Release|x64.Build.0 = Release|x64
		{B87AF00A-68EA-46BE-A975-89D48D9FE1FF}.Release|x86.ActiveCfg = Release|Win32
		{B87AF00A-68EA-46BE-A975-89D48D9FE1FF}.Release|x86.Build.0 = Release|Win32
	EndGlobalSection
	GlobalSection(SolutionProperties) = preSolution
		HideSolutionNode = FALSE
	EndGlobalSection
	GlobalSection(ExtensibilityGlobals) = postSolution
		SolutionGuid = {4CDC52C9-6E60-437E-89AF-4D31860CB078}
	EndGlobalSection
EndGlobal
