
Microsoft Visual Studio Solution File, Format Version 12.00
# Visual Studio Version 16
VisualStudioVersion = 16.0.33801.447
MinimumVisualStudioVersion = 10.0.40219.1
Project("{8BC9CEB8-8B4A-11D0-8D11-00A0C91BC942}") = "Games101Work1", "Games101Work1\Games101Work1.vcxproj", "{7F390BEC-F4C8-4FA3-9A0C-9128A5D4C8C0}"
EndProject
Project("{8BC9CEB8-8B4A-11D0-8D11-00A0C91BC942}") = "Games101Work2", "Games101Work2\Games101Work2.vcxproj", "{A09B78E3-50C9-45DB-BEC6-605148878F3A}"
EndProject
Global
	GlobalSection(SolutionConfigurationPlatforms) = preSolution
		Debug|x64 = Debug|x64
		Debug|x86 = Debug|x86
		Release|x64 = Release|x64
		Release|x86 = Release|x86
	EndGlobalSection
	GlobalSection(ProjectConfigurationPlatforms) = postSolution
		{7F390BEC-F4C8-4FA3-9A0C-9128A5D4C8C0}.Debug|x64.ActiveCfg = Debug|x64
		{7F390BEC-F4C8-4FA3-9A0C-9128A5D4C8C0}.Debug|x86.ActiveCfg = Debug|Win32
		{7F390BEC-F4C8-4FA3-9A0C-9128A5D4C8C0}.Debug|x86.Build.0 = Debug|Win32
		{7F390BEC-F4C8-4FA3-9A0C-9128A5D4C8C0}.Release|x64.ActiveCfg = Release|x64
		{7F390BEC-F4C8-4FA3-9A0C-9128A5D4C8C0}.Release|x64.Build.0 = Release|x64
		{7F390BEC-F4C8-4FA3-9A0C-9128A5D4C8C0}.Release|x86.ActiveCfg = Release|Win32
		{7F390BEC-F4C8-4FA3-9A0C-9128A5D4C8C0}.Release|x86.Build.0 = Release|Win32
		{A09B78E3-50C9-45DB-BEC6-605148878F3A}.Debug|x64.ActiveCfg = Debug|x64
		{A09B78E3-50C9-45DB-BEC6-605148878F3A}.Debug|x64.Build.0 = Debug|x64
		{A09B78E3-50C9-45DB-BEC6-605148878F3A}.Debug|x86.ActiveCfg = Debug|Win32
		{A09B78E3-50C9-45DB-BEC6-605148878F3A}.Debug|x86.Build.0 = Debug|Win32
		{A09B78E3-50C9-45DB-BEC6-605148878F3A}.Release|x64.ActiveCfg = Release|x64
		{A09B78E3-50C9-45DB-BEC6-605148878F3A}.Release|x64.Build.0 = Release|x64
		{A09B78E3-50C9-45DB-BEC6-605148878F3A}.Release|x86.ActiveCfg = Release|Win32
		{A09B78E3-50C9-45DB-BEC6-605148878F3A}.Release|x86.Build.0 = Release|Win32
	EndGlobalSection
	GlobalSection(SolutionProperties) = preSolution
		HideSolutionNode = FALSE
	EndGlobalSection
	GlobalSection(ExtensibilityGlobals) = postSolution
		SolutionGuid = {4CDC52C9-6E60-437E-89AF-4D31860CB078}
	EndGlobalSection
EndGlobal
